
Microsoft Visual Studio Solution File, Format Version 12.00
# Visual Studio Version 17
VisualStudioVersion = 17.14.36705.20 d17.14
MinimumVisualStudioVersion = 10.0.40219.1
Project("{FAE04EC0-301F-11D3-BF4B-00C04F79EFBC}") = "GetProductsUsingMCP", "GetProductsUsingMCP.csproj", "{72D87551-3B18-4CD0-A34C-28B8F55B7586}"
EndProject
Global
	GlobalSection(SolutionConfigurationPlatforms) = preSolution
		Debug|Any CPU = Debug|Any CPU
		Release|Any CPU = Release|Any CPU
	EndGlobalSection
	GlobalSection(ProjectConfigurationPlatforms) = postSolution
		{72D87551-3B18-4CD0-A34C-28B8F55B7586}.Debug|Any CPU.ActiveCfg = Debug|Any CPU
		{72D87551-3B18-4CD0-A34C-28B8F55B7586}.Debug|Any CPU.Build.0 = Debug|Any CPU
		{72D87551-3B18-4CD0-A34C-28B8F55B7586}.Release|Any CPU.ActiveCfg = Release|Any CPU
		{72D87551-3B18-4CD0-A34C-28B8F55B7586}.Release|Any CPU.Build.0 = Release|Any CPU
	EndGlobalSection
	GlobalSection(SolutionProperties) = preSolution
		HideSolutionNode = FALSE
	EndGlobalSection
	GlobalSection(ExtensibilityGlobals) = postSolution
		SolutionGuid = {01685856-4998-4C16-9E7A-487CF1700809}
	EndGlobalSection
EndGlobal
